
Microsoft Visual Studio Solution File, Format Version 12.00
# Visual Studio Version 16
VisualStudioVersion = 16.0.31911.196
MinimumVisualStudioVersion = 10.0.40219.1
Project("{9A19103F-16F7-4668-BE54-9A1E7A4F7556}") = "Business", "Business\Business.csproj", "{3D2E77C5-B233-421C-91BA-640E7A784C36}"
EndProject
Project("{9A19103F-16F7-4668-BE54-9A1E7A4F7556}") = "DataAccess", "DataAccess\DataAccess.csproj", "{0C2FA050-7F37-4894-B8D2-C3B8D3C98D0D}"
EndProject
Project("{9A19103F-16F7-4668-BE54-9A1E7A4F7556}") = "Entities", "Entities\Entities.csproj", "{4C093154-9664-4414-B7B4-CC66D49BD204}"
EndProject
Project("{9A19103F-16F7-4668-BE54-9A1E7A4F7556}") = "ConsoleUI", "Console\ConsoleUI.csproj", "{1A191072-959F-4274-9C42-C75CA1BEF8DF}"
EndProject
Project("{9A19103F-16F7-4668-BE54-9A1E7A4F7556}") = "Core", "Core\Core.csproj", "{9DB84163-3D92-4C76-AE3C-04E40984AE5B}"
EndProject
Project("{FAE04EC0-301F-11D3-BF4B-00C04F79EFBC}") = "Web API", "Web API\Web API.csproj", "{05A12A4F-9C65-43F7-8350-E358962F5CB6}"
EndProject
Global
	GlobalSection(SolutionConfigurationPlatforms) = preSolution
		Debug|Any CPU = Debug|Any CPU
		Release|Any CPU = Release|Any CPU
	EndGlobalSection
	GlobalSection(ProjectConfigurationPlatforms) = postSolution
		{3D2E77C5-B233-421C-91BA-640E7A784C36}.Debug|Any CPU.ActiveCfg = Debug|Any CPU
		{3D2E77C5-B233-421C-91BA-640E7A784C36}.Debug|Any CPU.Build.0 = Debug|Any CPU
		{3D2E77C5-B233-421C-91BA-640E7A784C36}.Release|Any CPU.ActiveCfg = Release|Any CPU
		{3D2E77C5-B233-421C-91BA-640E7A784C36}.Release|Any CPU.Build.0 = Release|Any CPU
		{0C2FA050-7F37-4894-B8D2-C3B8D3C98D0D}.Debug|Any CPU.ActiveCfg = Debug|Any CPU
		{0C2FA050-7F37-4894-B8D2-C3B8D3C98D0D}.Debug|Any CPU.Build.0 = Debug|Any CPU
		{0C2FA050-7F37-4894-B8D2-C3B8D3C98D0D}.Release|Any CPU.ActiveCfg = Release|Any CPU
		{0C2FA050-7F37-4894-B8D2-C3B8D3C98D0D}.Release|Any CPU.Build.0 = Release|Any CPU
		{4C093154-9664-4414-B7B4-CC66D49BD204}.Debug|Any CPU.ActiveCfg = Debug|Any CPU
		{4C093154-9664-4414-B7B4-CC66D49BD204}.Debug|Any CPU.Build.0 = Debug|Any CPU
		{4C093154-9664-4414-B7B4-CC66D49BD204}.Release|Any CPU.ActiveCfg = Release|Any CPU
		{4C093154-9664-4414-B7B4-CC66D49BD204}.Release|Any CPU.Build.0 = Release|Any CPU
		{1A191072-959F-4274-9C42-C75CA1BEF8DF}.Debug|Any CPU.ActiveCfg = Debug|Any CPU
		{1A191072-959F-4274-9C42-C75CA1BEF8DF}.Debug|Any CPU.Build.0 = Debug|Any CPU
		{1A191072-959F-4274-9C42-C75CA1BEF8DF}.Release|Any CPU.ActiveCfg = Release|Any CPU
		{1A191072-959F-4274-9C42-C75CA1BEF8DF}.Release|Any CPU.Build.0 = Release|Any CPU
		{9DB84163-3D92-4C76-AE3C-04E40984AE5B}.Debug|Any CPU.ActiveCfg = Debug|Any CPU
		{9DB84163-3D92-4C76-AE3C-04E40984AE5B}.Debug|Any CPU.Build.0 = Debug|Any CPU
		{9DB84163-3D92-4C76-AE3C-04E40984AE5B}.Release|Any CPU.ActiveCfg = Release|Any CPU
		{9DB84163-3D92-4C76-AE3C-04E40984AE5B}.Release|Any CPU.Build.0 = Release|Any CPU
		{05A12A4F-9C65-43F7-8350-E358962F5CB6}.Debug|Any CPU.ActiveCfg = Debug|Any CPU
		{05A12A4F-9C65-43F7-8350-E358962F5CB6}.Debug|Any CPU.Build.0 = Debug|Any CPU
		{05A12A4F-9C65-43F7-8350-E358962F5CB6}.Release|Any CPU.ActiveCfg = Release|Any CPU
		{05A12A4F-9C65-43F7-8350-E358962F5CB6}.Release|Any CPU.Build.0 = Release|Any CPU
	EndGlobalSection
	GlobalSection(SolutionProperties) = preSolution
		HideSolutionNode = FALSE
	EndGlobalSection
	GlobalSection(ExtensibilityGlobals) = postSolution
		SolutionGuid = {B2FADC05-E431-4D7E-B7FE-634E8EE47AE3}
	EndGlobalSection
EndGlobal
